
Microsoft Visual Studio Solution File, Format Version 12.00
# Visual Studio Version 16
VisualStudioVersion = 16.0.31019.35
MinimumVisualStudioVersion = 10.0.40219.1
Project("{FAE04EC0-301F-11D3-BF4B-00C04F79EFBC}") = "Codevo", "Codevo.csproj", "{7AC3CB15-488E-4C8B-9394-5B82476EE9A1}"
EndProject
Project("{FAE04EC0-301F-11D3-BF4B-00C04F79EFBC}") = "Capa_dato", "..\Capa_dato\Capa_dato.csproj", "{33568956-72D7-4060-9097-739D2E4E164A}"
EndProject
Project("{FAE04EC0-301F-11D3-BF4B-00C04F79EFBC}") = "Capa_negocio", "..\Capa_negocio\Capa_negocio.csproj", "{D1065ADA-E32D-4E28-8672-4990FA879BCA}"
EndProject
Global
	GlobalSection(SolutionConfigurationPlatforms) = preSolution
		Debug|Any CPU = Debug|Any CPU
		Release|Any CPU = Release|Any CPU
	EndGlobalSection
	GlobalSection(ProjectConfigurationPlatforms) = postSolution
		{7AC3CB15-488E-4C8B-9394-5B82476EE9A1}.Debug|Any CPU.ActiveCfg = Debug|Any CPU
		{7AC3CB15-488E-4C8B-9394-5B82476EE9A1}.Debug|Any CPU.Build.0 = Debug|Any CPU
		{7AC3CB15-488E-4C8B-9394-5B82476EE9A1}.Release|Any CPU.ActiveCfg = Release|Any CPU
		{7AC3CB15-488E-4C8B-9394-5B82476EE9A1}.Release|Any CPU.Build.0 = Release|Any CPU
		{33568956-72D7-4060-9097-739D2E4E164A}.Debug|Any CPU.ActiveCfg = Debug|Any CPU
		{33568956-72D7-4060-9097-739D2E4E164A}.Debug|Any CPU.Build.0 = Debug|Any CPU
		{33568956-72D7-4060-9097-739D2E4E164A}.Release|Any CPU.ActiveCfg = Release|Any CPU
		{33568956-72D7-4060-9097-739D2E4E164A}.Release|Any CPU.Build.0 = Release|Any CPU
		{D1065ADA-E32D-4E28-8672-4990FA879BCA}.Debug|Any CPU.ActiveCfg = Debug|Any CPU
		{D1065ADA-E32D-4E28-8672-4990FA879BCA}.Debug|Any CPU.Build.0 = Debug|Any CPU
		{D1065ADA-E32D-4E28-8672-4990FA879BCA}.Release|Any CPU.ActiveCfg = Release|Any CPU
		{D1065ADA-E32D-4E28-8672-4990FA879BCA}.Release|Any CPU.Build.0 = Release|Any CPU
	EndGlobalSection
	GlobalSection(SolutionProperties) = preSolution
		HideSolutionNode = FALSE
	EndGlobalSection
	GlobalSection(ExtensibilityGlobals) = postSolution
		SolutionGuid = {FCCDF487-E2CE-45FA-8C4B-82EE86AC13B1}
	EndGlobalSection
EndGlobal
